// !$*UTF8*$!
{
	archiveVersion = 1;
	classes = {
	};
	objectVersion = 55;
	objects = {

/* Begin PBXBuildFile section */
		B4544C8C276771C00083DD5F /* BaseCell.swift in Sources */ = {isa = PBXBuildFile; fileRef = B4544C8B276771C00083DD5F /* BaseCell.swift */; };
		B4544C8E2767E3760083DD5F /* settingsLauncher.swift in Sources */ = {isa = PBXBuildFile; fileRef = B4544C8D2767E3760083DD5F /* settingsLauncher.swift */; };
		B4544C902768972B0083DD5F /* settingsCell.swift in Sources */ = {isa = PBXBuildFile; fileRef = B4544C8F2768972B0083DD5F /* settingsCell.swift */; };
		B4544C922768C7300083DD5F /* SettingsViewController.swift in Sources */ = {isa = PBXBuildFile; fileRef = B4544C912768C7300083DD5F /* SettingsViewController.swift */; };
		B4544C952769775B0083DD5F /* ApiService.swift in Sources */ = {isa = PBXBuildFile; fileRef = B4544C942769775B0083DD5F /* ApiService.swift */; };
		B4544C97276A34FD0083DD5F /* feedCell.swift in Sources */ = {isa = PBXBuildFile; fileRef = B4544C96276A34FD0083DD5F /* feedCell.swift */; };
		B4544C99276B606D0083DD5F /* TrendingCell.swift in Sources */ = {isa = PBXBuildFile; fileRef = B4544C98276B606D0083DD5F /* TrendingCell.swift */; };
		B4544C9B276B70CE0083DD5F /* subscriptionsCell.swift in Sources */ = {isa = PBXBuildFile; fileRef = B4544C9A276B70CE0083DD5F /* subscriptionsCell.swift */; };
		B4556AA12766391A00322803 /* MenuBar.swift in Sources */ = {isa = PBXBuildFile; fileRef = B4556AA02766391A00322803 /* MenuBar.swift */; };
		B4556AA3276652E200322803 /* MenuCell.swift in Sources */ = {isa = PBXBuildFile; fileRef = B4556AA2276652E200322803 /* MenuCell.swift */; };
		B4556AA627667D2C00322803 /* VideoModel.swift in Sources */ = {isa = PBXBuildFile; fileRef = B4556AA527667D2C00322803 /* VideoModel.swift */; };
		B4556AAB27667D9C00322803 /* Extensions.swift in Sources */ = {isa = PBXBuildFile; fileRef = B4556AAA27667D9C00322803 /* Extensions.swift */; };
		B4E6772E2763F79100B64440 /* AppDelegate.swift in Sources */ = {isa = PBXBuildFile; fileRef = B4E6772D2763F79100B64440 /* AppDelegate.swift */; };
		B4E677302763F79100B64440 /* SceneDelegate.swift in Sources */ = {isa = PBXBuildFile; fileRef = B4E6772F2763F79100B64440 /* SceneDelegate.swift */; };
		B4E677322763F79100B64440 /* HomeViewController.swift in Sources */ = {isa = PBXBuildFile; fileRef = B4E677312763F79100B64440 /* HomeViewController.swift */; };
		B4E677352763F79100B64440 /* Main.storyboard in Resources */ = {isa = PBXBuildFile; fileRef = B4E677332763F79100B64440 /* Main.storyboard */; };
		B4E677372763F79400B64440 /* Assets.xcassets in Resources */ = {isa = PBXBuildFile; fileRef = B4E677362763F79400B64440 /* Assets.xcassets */; };
		B4E6773A2763F79400B64440 /* LaunchScreen.storyboard in Resources */ = {isa = PBXBuildFile; fileRef = B4E677382763F79400B64440 /* LaunchScreen.storyboard */; };
		B4E6774227640D3000B64440 /* VideoCell.swift in Sources */ = {isa = PBXBuildFile; fileRef = B4E6774127640D3000B64440 /* VideoCell.swift */; };
/* End PBXBuildFile section */

/* Begin PBXFileReference section */
		B4544C8B276771C00083DD5F /* BaseCell.swift */ = {isa = PBXFileReference; lastKnownFileType = sourcecode.swift; path = BaseCell.swift; sourceTree = "<group>"; };
		B4544C8D2767E3760083DD5F /* settingsLauncher.swift */ = {isa = PBXFileReference; lastKnownFileType = sourcecode.swift; path = settingsLauncher.swift; sourceTree = "<group>"; };
		B4544C8F2768972B0083DD5F /* settingsCell.swift */ = {isa = PBXFileReference; lastKnownFileType = sourcecode.swift; path = settingsCell.swift; sourceTree = "<group>"; };
		B4544C912768C7300083DD5F /* SettingsViewController.swift */ = {isa = PBXFileReference; lastKnownFileType = sourcecode.swift; path = SettingsViewController.swift; sourceTree = "<group>"; };
		B4544C942769775B0083DD5F /* ApiService.swift */ = {isa = PBXFileReference; lastKnownFileType = sourcecode.swift; path = ApiService.swift; sourceTree = "<group>"; };
		B4544C96276A34FD0083DD5F /* feedCell.swift */ = {isa = PBXFileReference; lastKnownFileType = sourcecode.swift; path = feedCell.swift; sourceTree = "<group>"; };
		B4544C98276B606D0083DD5F /* TrendingCell.swift */ = {isa = PBXFileReference; lastKnownFileType = sourcecode.swift; path = TrendingCell.swift; sourceTree = "<group>"; };
		B4544C9A276B70CE0083DD5F /* subscriptionsCell.swift */ = {isa = PBXFileReference; lastKnownFileType = sourcecode.swift; path = subscriptionsCell.swift; sourceTree = "<group>"; };
		B4556AA02766391A00322803 /* MenuBar.swift */ = {isa = PBXFileReference; lastKnownFileType = sourcecode.swift; path = MenuBar.swift; sourceTree = "<group>"; };
		B4556AA2276652E200322803 /* MenuCell.swift */ = {isa = PBXFileReference; lastKnownFileType = sourcecode.swift; path = MenuCell.swift; sourceTree = "<group>"; };
		B4556AA527667D2C00322803 /* VideoModel.swift */ = {isa = PBXFileReference; lastKnownFileType = sourcecode.swift; path = VideoModel.swift; sourceTree = "<group>"; };
		B4556AAA27667D9C00322803 /* Extensions.swift */ = {isa = PBXFileReference; lastKnownFileType = sourcecode.swift; path = Extensions.swift; sourceTree = "<group>"; };
		B4E6772A2763F79100B64440 /* YoutubeApp.app */ = {isa = PBXFileReference; explicitFileType = wrapper.application; includeInIndex = 0; path = YoutubeApp.app; sourceTree = BUILT_PRODUCTS_DIR; };
		B4E6772D2763F79100B64440 /* AppDelegate.swift */ = {isa = PBXFileReference; lastKnownFileType = sourcecode.swift; path = AppDelegate.swift; sourceTree = "<group>"; };
		B4E6772F2763F79100B64440 /* SceneDelegate.swift */ = {isa = PBXFileReference; lastKnownFileType = sourcecode.swift; path = SceneDelegate.swift; sourceTree = "<group>"; };
		B4E677312763F79100B64440 /* HomeViewController.swift */ = {isa = PBXFileReference; lastKnownFileType = sourcecode.swift; path = HomeViewController.swift; sourceTree = "<group>"; };
		B4E677342763F79100B64440 /* Base */ = {isa = PBXFileReference; lastKnownFileType = file.storyboard; name = Base; path = Base.lproj/Main.storyboard; sourceTree = "<group>"; };
		B4E677362763F79400B64440 /* Assets.xcassets */ = {isa = PBXFileReference; lastKnownFileType = folder.assetcatalog; path = Assets.xcassets; sourceTree = "<group>"; };
		B4E677392763F79400B64440 /* Base */ = {isa = PBXFileReference; lastKnownFileType = file.storyboard; name = Base; path = Base.lproj/LaunchScreen.storyboard; sourceTree = "<group>"; };
		B4E6773B2763F79400B64440 /* Info.plist */ = {isa = PBXFileReference; lastKnownFileType = text.plist.xml; path = Info.plist; sourceTree = "<group>"; };
		B4E6774127640D3000B64440 /* VideoCell.swift */ = {isa = PBXFileReference; lastKnownFileType = sourcecode.swift; path = VideoCell.swift; sourceTree = "<group>"; };
/* End PBXFileReference section */

/* Begin PBXFrameworksBuildPhase section */
		B4E677272763F79100B64440 /* Frameworks */ = {
			isa = PBXFrameworksBuildPhase;
			buildActionMask = 2147483647;
			files = (
			);
			runOnlyForDeploymentPostprocessing = 0;
		};
/* End PBXFrameworksBuildPhase section */

/* Begin PBXGroup section */
		B4544C932769771D0083DD5F /* ApiService */ = {
			isa = PBXGroup;
			children = (
				B4544C942769775B0083DD5F /* ApiService.swift */,
			);
			name = ApiService;
			sourceTree = "<group>";
		};
		B4556AA427667D1A00322803 /* Models */ = {
			isa = PBXGroup;
			children = (
				B4556AA527667D2C00322803 /* VideoModel.swift */,
			);
			name = Models;
			sourceTree = "<group>";
		};
		B4556AA727667D3C00322803 /* View */ = {
			isa = PBXGroup;
			children = (
				B4556AA2276652E200322803 /* MenuCell.swift */,
				B4E6774127640D3000B64440 /* VideoCell.swift */,
				B4556AA02766391A00322803 /* MenuBar.swift */,
				B4544C8B276771C00083DD5F /* BaseCell.swift */,
				B4544C8F2768972B0083DD5F /* settingsCell.swift */,
				B4544C96276A34FD0083DD5F /* feedCell.swift */,
				B4544C98276B606D0083DD5F /* TrendingCell.swift */,
				B4544C9A276B70CE0083DD5F /* subscriptionsCell.swift */,
			);
			path = View;
			sourceTree = "<group>";
		};
		B4556AA827667D5200322803 /* Controller */ = {
			isa = PBXGroup;
			children = (
				B4E677312763F79100B64440 /* HomeViewController.swift */,
				B4544C8D2767E3760083DD5F /* settingsLauncher.swift */,
				B4544C912768C7300083DD5F /* SettingsViewController.swift */,
			);
			name = Controller;
			sourceTree = "<group>";
		};
		B4556AA927667D7600322803 /* Helpers */ = {
			isa = PBXGroup;
			children = (
				B4556AAA27667D9C00322803 /* Extensions.swift */,
			);
			path = Helpers;
			sourceTree = "<group>";
		};
		B4E677212763F79100B64440 = {
			isa = PBXGroup;
			children = (
				B4E6772C2763F79100B64440 /* YoutubeApp */,
				B4E6772B2763F79100B64440 /* Products */,
			);
			sourceTree = "<group>";
		};
		B4E6772B2763F79100B64440 /* Products */ = {
			isa = PBXGroup;
			children = (
				B4E6772A2763F79100B64440 /* YoutubeApp.app */,
			);
			name = Products;
			sourceTree = "<group>";
		};
		B4E6772C2763F79100B64440 /* YoutubeApp */ = {
			isa = PBXGroup;
			children = (
				B4544C932769771D0083DD5F /* ApiService */,
				B4556AA927667D7600322803 /* Helpers */,
				B4556AA827667D5200322803 /* Controller */,
				B4556AA727667D3C00322803 /* View */,
				B4556AA427667D1A00322803 /* Models */,
				B4E6772D2763F79100B64440 /* AppDelegate.swift */,
				B4E6772F2763F79100B64440 /* SceneDelegate.swift */,
				B4E677332763F79100B64440 /* Main.storyboard */,
				B4E677362763F79400B64440 /* Assets.xcassets */,
				B4E677382763F79400B64440 /* LaunchScreen.storyboard */,
				B4E6773B2763F79400B64440 /* Info.plist */,
			);
			path = YoutubeApp;
			sourceTree = "<group>";
		};
/* End PBXGroup section */

/* Begin PBXNativeTarget section */
		B4E677292763F79100B64440 /* YoutubeApp */ = {
			isa = PBXNativeTarget;
			buildConfigurationList = B4E6773E2763F79400B64440 /* Build configuration list for PBXNativeTarget "YoutubeApp" */;
			buildPhases = (
				B4E677262763F79100B64440 /* Sources */,
				B4E677272763F79100B64440 /* Frameworks */,
				B4E677282763F79100B64440 /* Resources */,
			);
			buildRules = (
			);
			dependencies = (
			);
			name = YoutubeApp;
			productName = YoutubeApp;
			productReference = B4E6772A2763F79100B64440 /* YoutubeApp.app */;
			productType = "com.apple.product-type.application";
		};
/* End PBXNativeTarget section */

/* Begin PBXProject section */
		B4E677222763F79100B64440 /* Project object */ = {
			isa = PBXProject;
			attributes = {
				BuildIndependentTargetsInParallel = 1;
				LastSwiftUpdateCheck = 1310;
				LastUpgradeCheck = 1310;
				TargetAttributes = {
					B4E677292763F79100B64440 = {
						CreatedOnToolsVersion = 13.1;
					};
				};
			};
			buildConfigurationList = B4E677252763F79100B64440 /* Build configuration list for PBXProject "YoutubeApp" */;
			compatibilityVersion = "Xcode 13.0";
			developmentRegion = en;
			hasScannedForEncodings = 0;
			knownRegions = (
				en,
				Base,
			);
			mainGroup = B4E677212763F79100B64440;
			productRefGroup = B4E6772B2763F79100B64440 /* Products */;
			projectDirPath = "";
			projectRoot = "";
			targets = (
				B4E677292763F79100B64440 /* YoutubeApp */,
			);
		};
/* End PBXProject section */

/* Begin PBXResourcesBuildPhase section */
		B4E677282763F79100B64440 /* Resources */ = {
			isa = PBXResourcesBuildPhase;
			buildActionMask = 2147483647;
			files = (
				B4E6773A2763F79400B64440 /* LaunchScreen.storyboard in Resources */,
				B4E677372763F79400B64440 /* Assets.xcassets in Resources */,
				B4E677352763F79100B64440 /* Main.storyboard in Resources */,
			);
			runOnlyForDeploymentPostprocessing = 0;
		};
/* End PBXResourcesBuildPhase section */

/* Begin PBXSourcesBuildPhase section */
		B4E677262763F79100B64440 /* Sources */ = {
			isa = PBXSourcesBuildPhase;
			buildActionMask = 2147483647;
			files = (
				B4544C902768972B0083DD5F /* settingsCell.swift in Sources */,
				B4544C97276A34FD0083DD5F /* feedCell.swift in Sources */,
				B4544C99276B606D0083DD5F /* TrendingCell.swift in Sources */,
				B4544C8E2767E3760083DD5F /* settingsLauncher.swift in Sources */,
				B4E677322763F79100B64440 /* HomeViewController.swift in Sources */,
				B4E6774227640D3000B64440 /* VideoCell.swift in Sources */,
				B4556AA3276652E200322803 /* MenuCell.swift in Sources */,
				B4556AAB27667D9C00322803 /* Extensions.swift in Sources */,
				B4544C8C276771C00083DD5F /* BaseCell.swift in Sources */,
				B4544C952769775B0083DD5F /* ApiService.swift in Sources */,
				B4544C9B276B70CE0083DD5F /* subscriptionsCell.swift in Sources */,
				B4556AA627667D2C00322803 /* VideoModel.swift in Sources */,
				B4E6772E2763F79100B64440 /* AppDelegate.swift in Sources */,
				B4E677302763F79100B64440 /* SceneDelegate.swift in Sources */,
				B4556AA12766391A00322803 /* MenuBar.swift in Sources */,
				B4544C922768C7300083DD5F /* SettingsViewController.swift in Sources */,
			);
			runOnlyForDeploymentPostprocessing = 0;
		};
/* End PBXSourcesBuildPhase section */

/* Begin PBXVariantGroup section */
		B4E677332763F79100B64440 /* Main.storyboard */ = {
			isa = PBXVariantGroup;
			children = (
				B4E677342763F79100B64440 /* Base */,
			);
			name = Main.storyboard;
			sourceTree = "<group>";
		};
		B4E677382763F79400B64440 /* LaunchScreen.storyboard */ = {
			isa = PBXVariantGroup;
			children = (
				B4E677392763F79400B64440 /* Base */,
			);
			name = LaunchScreen.storyboard;
			sourceTree = "<group>";
		};
/* End PBXVariantGroup section */

/* Begin XCBuildConfiguration section */
		B4E6773C2763F79400B64440 /* Debug */ = {
			isa = XCBuildConfiguration;
			buildSettings = {
				ALWAYS_SEARCH_USER_PATHS = NO;
				CLANG_ANALYZER_NONNULL = YES;
				CLANG_ANALYZER_NUMBER_OBJECT_CONVERSION = YES_AGGRESSIVE;
				CLANG_CXX_LANGUAGE_STANDARD = "gnu++17";
				CLANG_CXX_LIBRARY = "libc++";
				CLANG_ENABLE_MODULES = YES;
				CLANG_ENABLE_OBJC_ARC = YES;
				CLANG_ENABLE_OBJC_WEAK = YES;
				CLANG_WARN_BLOCK_CAPTURE_AUTORELEASING = YES;
				CLANG_WARN_BOOL_CONVERSION = YES;
				CLANG_WARN_COMMA = YES;
				CLANG_WARN_CONSTANT_CONVERSION = YES;
				CLANG_WARN_DEPRECATED_OBJC_IMPLEMENTATIONS = YES;
				CLANG_WARN_DIRECT_OBJC_ISA_USAGE = YES_ERROR;
				CLANG_WARN_DOCUMENTATION_COMMENTS = YES;
				CLANG_WARN_EMPTY_BODY = YES;
				CLANG_WARN_ENUM_CONVERSION = YES;
				CLANG_WARN_INFINITE_RECURSION = YES;
				CLANG_WARN_INT_CONVERSION = YES;
				CLANG_WARN_NON_LITERAL_NULL_CONVERSION = YES;
				CLANG_WARN_OBJC_IMPLICIT_RETAIN_SELF = YES;
				CLANG_WARN_OBJC_LITERAL_CONVERSION = YES;
				CLANG_WARN_OBJC_ROOT_CLASS = YES_ERROR;
				CLANG_WARN_QUOTED_INCLUDE_IN_FRAMEWORK_HEADER = YES;
				CLANG_WARN_RANGE_LOOP_ANALYSIS = YES;
				CLANG_WARN_STRICT_PROTOTYPES = YES;
				CLANG_WARN_SUSPICIOUS_MOVE = YES;
				CLANG_WARN_UNGUARDED_AVAILABILITY = YES_AGGRESSIVE;
				CLANG_WARN_UNREACHABLE_CODE = YES;
				CLANG_WARN__DUPLICATE_METHOD_MATCH = YES;
				COPY_PHASE_STRIP = NO;
				DEBUG_INFORMATION_FORMAT = dwarf;
				ENABLE_STRICT_OBJC_MSGSEND = YES;
				ENABLE_TESTABILITY = YES;
				GCC_C_LANGUAGE_STANDARD = gnu11;
				GCC_DYNAMIC_NO_PIC = NO;
				GCC_NO_COMMON_BLOCKS = YES;
				GCC_OPTIMIZATION_LEVEL = 0;
				GCC_PREPROCESSOR_DEFINITIONS = (
					"DEBUG=1",
					"$(inherited)",
				);
				GCC_WARN_64_TO_32_BIT_CONVERSION = YES;
				GCC_WARN_ABOUT_RETURN_TYPE = YES_ERROR;
				GCC_WARN_UNDECLARED_SELECTOR = YES;
				GCC_WARN_UNINITIALIZED_AUTOS = YES_AGGRESSIVE;
				GCC_WARN_UNUSED_FUNCTION = YES;
				GCC_WARN_UNUSED_VARIABLE = YES;
				IPHONEOS_DEPLOYMENT_TARGET = 15.0;
				MTL_ENABLE_DEBUG_INFO = INCLUDE_SOURCE;
				MTL_FAST_MATH = YES;
				ONLY_ACTIVE_ARCH = YES;
				SDKROOT = iphoneos;
				SWIFT_ACTIVE_COMPILATION_CONDITIONS = DEBUG;
				SWIFT_OPTIMIZATION_LEVEL = "-Onone";
			};
			name = Debug;
		};
		B4E6773D2763F79400B64440 /* Release */ = {
			isa = XCBuildConfiguration;
			buildSettings = {
				ALWAYS_SEARCH_USER_PATHS = NO;
				CLANG_ANALYZER_NONNULL = YES;
				CLANG_ANALYZER_NUMBER_OBJECT_CONVERSION = YES_AGGRESSIVE;
				CLANG_CXX_LANGUAGE_STANDARD = "gnu++17";
				CLANG_CXX_LIBRARY = "libc++";
				CLANG_ENABLE_MODULES = YES;
				CLANG_ENABLE_OBJC_ARC = YES;
				CLANG_ENABLE_OBJC_WEAK = YES;
				CLANG_WARN_BLOCK_CAPTURE_AUTORELEASING = YES;
				CLANG_WARN_BOOL_CONVERSION = YES;
				CLANG_WARN_COMMA = YES;
				CLANG_WARN_CONSTANT_CONVERSION = YES;
				CLANG_WARN_DEPRECATED_OBJC_IMPLEMENTATIONS = YES;
				CLANG_WARN_DIRECT_OBJC_ISA_USAGE = YES_ERROR;
				CLANG_WARN_DOCUMENTATION_COMMENTS = YES;
				CLANG_WARN_EMPTY_BODY = YES;
				CLANG_WARN_ENUM_CONVERSION = YES;
				CLANG_WARN_INFINITE_RECURSION = YES;
				CLANG_WARN_INT_CONVERSION = YES;
				CLANG_WARN_NON_LITERAL_NULL_CONVERSION = YES;
				CLANG_WARN_OBJC_IMPLICIT_RETAIN_SELF = YES;
				CLANG_WARN_OBJC_LITERAL_CONVERSION = YES;
				CLANG_WARN_OBJC_ROOT_CLASS = YES_ERROR;
				CLANG_WARN_QUOTED_INCLUDE_IN_FRAMEWORK_HEADER = YES;
				CLANG_WARN_RANGE_LOOP_ANALYSIS = YES;
				CLANG_WARN_STRICT_PROTOTYPES = YES;
				CLANG_WARN_SUSPICIOUS_MOVE = YES;
				CLANG_WARN_UNGUARDED_AVAILABILITY = YES_AGGRESSIVE;
				CLANG_WARN_UNREACHABLE_CODE = YES;
				CLANG_WARN__DUPLICATE_METHOD_MATCH = YES;
				COPY_PHASE_STRIP = NO;
				DEBUG_INFORMATION_FORMAT = "dwarf-with-dsym";
				ENABLE_NS_ASSERTIONS = NO;
				ENABLE_STRICT_OBJC_MSGSEND = YES;
				GCC_C_LANGUAGE_STANDARD = gnu11;
				GCC_NO_COMMON_BLOCKS = YES;
				GCC_WARN_64_TO_32_BIT_CONVERSION = YES;
				GCC_WARN_ABOUT_RETURN_TYPE = YES_ERROR;
				GCC_WARN_UNDECLARED_SELECTOR = YES;
				GCC_WARN_UNINITIALIZED_AUTOS = YES_AGGRESSIVE;
				GCC_WARN_UNUSED_FUNCTION = YES;
				GCC_WARN_UNUSED_VARIABLE = YES;
				IPHONEOS_DEPLOYMENT_TARGET = 15.0;
				MTL_ENABLE_DEBUG_INFO = NO;
				MTL_FAST_MATH = YES;
				SDKROOT = iphoneos;
				SWIFT_COMPILATION_MODE = wholemodule;
				SWIFT_OPTIMIZATION_LEVEL = "-O";
				VALIDATE_PRODUCT = YES;
			};
			name = Release;
		};
		B4E6773F2763F79400B64440 /* Debug */ = {
			isa = XCBuildConfiguration;
			buildSettings = {
				ASSETCATALOG_COMPILER_APPICON_NAME = AppIcon;
				ASSETCATALOG_COMPILER_GLOBAL_ACCENT_COLOR_NAME = AccentColor;
				CODE_SIGN_STYLE = Automatic;
				CURRENT_PROJECT_VERSION = 1;
				GENERATE_INFOPLIST_FILE = YES;
				INFOPLIST_FILE = YoutubeApp/Info.plist;
				INFOPLIST_KEY_UIApplicationSupportsIndirectInputEvents = YES;
				INFOPLIST_KEY_UILaunchStoryboardName = LaunchScreen;
				INFOPLIST_KEY_UISupportedInterfaceOrientations_iPad = "UIInterfaceOrientationPortrait UIInterfaceOrientationPortraitUpsideDown UIInterfaceOrientationLandscapeLeft UIInterfaceOrientationLandscapeRight";
				INFOPLIST_KEY_UISupportedInterfaceOrientations_iPhone = "UIInterfaceOrientationPortrait UIInterfaceOrientationLandscapeLeft UIInterfaceOrientationLandscapeRight";
				LD_RUNPATH_SEARCH_PATHS = (
					"$(inherited)",
					"@executable_path/Frameworks",
				);
				MARKETING_VERSION = 1.0;
				PRODUCT_BUNDLE_IDENTIFIER = com.dantech.YoutubeApp;
				PRODUCT_NAME = "$(TARGET_NAME)";
				SWIFT_EMIT_LOC_STRINGS = YES;
				SWIFT_VERSION = 5.0;
				TARGETED_DEVICE_FAMILY = "1,2";
			};
			name = Debug;
		};
		B4E677402763F79400B64440 /* Release */ = {
			isa = XCBuildConfiguration;
			buildSettings = {
				ASSETCATALOG_COMPILER_APPICON_NAME = AppIcon;
				ASSETCATALOG_COMPILER_GLOBAL_ACCENT_COLOR_NAME = AccentColor;
				CODE_SIGN_STYLE = Automatic;
				CURRENT_PROJECT_VERSION = 1;
				GENERATE_INFOPLIST_FILE = YES;
				INFOPLIST_FILE = YoutubeApp/Info.plist;
				INFOPLIST_KEY_UIApplicationSupportsIndirectInputEvents = YES;
				INFOPLIST_KEY_UILaunchStoryboardName = LaunchScreen;
				INFOPLIST_KEY_UISupportedInterfaceOrientations_iPad = "UIInterfaceOrientationPortrait UIInterfaceOrientationPortraitUpsideDown UIInterfaceOrientationLandscapeLeft UIInterfaceOrientationLandscapeRight";
				INFOPLIST_KEY_UISupportedInterfaceOrientations_iPhone = "UIInterfaceOrientationPortrait UIInterfaceOrientationLandscapeLeft UIInterfaceOrientationLandscapeRight";
				LD_RUNPATH_SEARCH_PATHS = (
					"$(inherited)",
					"@executable_path/Frameworks",
				);
				MARKETING_VERSION = 1.0;
				PRODUCT_BUNDLE_IDENTIFIER = com.dantech.YoutubeApp;
				PRODUCT_NAME = "$(TARGET_NAME)";
				SWIFT_EMIT_LOC_STRINGS = YES;
				SWIFT_VERSION = 5.0;
				TARGETED_DEVICE_FAMILY = "1,2";
			};
			name = Release;
		};
/* End XCBuildConfiguration section */

/* Begin XCConfigurationList section */
		B4E677252763F79100B64440 /* Build configuration list for PBXProject "YoutubeApp" */ = {
			isa = XCConfigurationList;
			buildConfigurations = (
				B4E6773C2763F79400B64440 /* Debug */,
				B4E6773D2763F79400B64440 /* Release */,
			);
			defaultConfigurationIsVisible = 0;
			defaultConfigurationName = Release;
		};
		B4E6773E2763F79400B64440 /* Build configuration list for PBXNativeTarget "YoutubeApp" */ = {
			isa = XCConfigurationList;
			buildConfigurations = (
				B4E6773F2763F79400B64440 /* Debug */,
				B4E677402763F79400B64440 /* Release */,
			);
			defaultConfigurationIsVisible = 0;
			defaultConfigurationName = Release;
		};
/* End XCConfigurationList section */
	};
	rootObject = B4E677222763F79100B64440 /* Project object */;
}
